
Microsoft Visual Studio Solution File, Format Version 12.00
# Visual Studio Version 16
VisualStudioVersion = 16.0.31205.134
MinimumVisualStudioVersion = 10.0.40219.1
Project("{FAE04EC0-301F-11D3-BF4B-00C04F79EFBC}") = "XpandionTask", "XpandionTask\XpandionTask.csproj", "{C298C690-BB84-4E54-9304-27E00FC2102B}"
EndProject
Global
	GlobalSection(SolutionConfigurationPlatforms) = preSolution
		Debug|Any CPU = Debug|Any CPU
		Release|Any CPU = Release|Any CPU
	EndGlobalSection
	GlobalSection(ProjectConfigurationPlatforms) = postSolution
		{C298C690-BB84-4E54-9304-27E00FC2102B}.Debug|Any CPU.ActiveCfg = Debug|Any CPU
		{C298C690-BB84-4E54-9304-27E00FC2102B}.Debug|Any CPU.Build.0 = Debug|Any CPU
		{C298C690-BB84-4E54-9304-27E00FC2102B}.Release|Any CPU.ActiveCfg = Release|Any CPU
		{C298C690-BB84-4E54-9304-27E00FC2102B}.Release|Any CPU.Build.0 = Release|Any CPU
	EndGlobalSection
	GlobalSection(SolutionProperties) = preSolution
		HideSolutionNode = FALSE
	EndGlobalSection
	GlobalSection(ExtensibilityGlobals) = postSolution
		SolutionGuid = {B6C46E27-C8D4-41AA-AD57-98B6EF4F8836}
	EndGlobalSection
EndGlobal
